
Microsoft Visual Studio Solution File, Format Version 12.00
# Visual Studio Version 17
VisualStudioVersion = 17.2.32526.322
MinimumVisualStudioVersion = 10.0.40219.1
Project("{FAE04EC0-301F-11D3-BF4B-00C04F79EFBC}") = "BindEnterToMouse", "BindEnterToMouse\BindEnterToMouse.csproj", "{661CA269-CB7B-4D3A-AD0B-74F568A6334C}"
EndProject
Global
	GlobalSection(SolutionConfigurationPlatforms) = preSolution
		Debug|Any CPU = Debug|Any CPU
		Release|Any CPU = Release|Any CPU
	EndGlobalSection
	GlobalSection(ProjectConfigurationPlatforms) = postSolution
		{661CA269-CB7B-4D3A-AD0B-74F568A6334C}.Debug|Any CPU.ActiveCfg = Debug|Any CPU
		{661CA269-CB7B-4D3A-AD0B-74F568A6334C}.Debug|Any CPU.Build.0 = Debug|Any CPU
		{661CA269-CB7B-4D3A-AD0B-74F568A6334C}.Release|Any CPU.ActiveCfg = Release|Any CPU
		{661CA269-CB7B-4D3A-AD0B-74F568A6334C}.Release|Any CPU.Build.0 = Release|Any CPU
	EndGlobalSection
	GlobalSection(SolutionProperties) = preSolution
		HideSolutionNode = FALSE
	EndGlobalSection
	GlobalSection(ExtensibilityGlobals) = postSolution
		SolutionGuid = {DFA2292F-1B83-45D5-AC96-5393E0B47E38}
	EndGlobalSection
EndGlobal
